// !$*UTF8*$!
{
	archiveVersion = 1;
	classes = {
	};
	objectVersion = 48;
	objects = {

/* Begin PBXBuildFile section */
		C9153FA9204634B7008C7D21 /* PhotoResponse.swift in Sources */ = {isa = PBXBuildFile; fileRef = C9153FA8204634B7008C7D21 /* PhotoResponse.swift */; };
		C9153FAB2046352B008C7D21 /* PhotoPage.swift in Sources */ = {isa = PBXBuildFile; fileRef = C9153FAA2046352B008C7D21 /* PhotoPage.swift */; };
		C9153FAD20463570008C7D21 /* Photo.swift in Sources */ = {isa = PBXBuildFile; fileRef = C9153FAC20463570008C7D21 /* Photo.swift */; };
		C9AC401A2046240E003BDD73 /* AppDelegate.swift in Sources */ = {isa = PBXBuildFile; fileRef = C9AC40192046240E003BDD73 /* AppDelegate.swift */; };
		C9AC401C2046240E003BDD73 /* ViewController.swift in Sources */ = {isa = PBXBuildFile; fileRef = C9AC401B2046240E003BDD73 /* ViewController.swift */; };
		C9AC401F2046240E003BDD73 /* Main.storyboard in Resources */ = {isa = PBXBuildFile; fileRef = C9AC401D2046240E003BDD73 /* Main.storyboard */; };
		C9AC40212046240E003BDD73 /* Assets.xcassets in Resources */ = {isa = PBXBuildFile; fileRef = C9AC40202046240E003BDD73 /* Assets.xcassets */; };
		C9AC40242046240E003BDD73 /* LaunchScreen.storyboard in Resources */ = {isa = PBXBuildFile; fileRef = C9AC40222046240E003BDD73 /* LaunchScreen.storyboard */; };
/* End PBXBuildFile section */

/* Begin PBXFileReference section */
		C9153FA8204634B7008C7D21 /* PhotoResponse.swift */ = {isa = PBXFileReference; lastKnownFileType = sourcecode.swift; path = PhotoResponse.swift; sourceTree = "<group>"; };
		C9153FAA2046352B008C7D21 /* PhotoPage.swift */ = {isa = PBXFileReference; lastKnownFileType = sourcecode.swift; path = PhotoPage.swift; sourceTree = "<group>"; };
		C9153FAC20463570008C7D21 /* Photo.swift */ = {isa = PBXFileReference; lastKnownFileType = sourcecode.swift; path = Photo.swift; sourceTree = "<group>"; };
		C9AC40162046240E003BDD73 /* Intro to Swift.app */ = {isa = PBXFileReference; explicitFileType = wrapper.application; includeInIndex = 0; path = "Intro to Swift.app"; sourceTree = BUILT_PRODUCTS_DIR; };
		C9AC40192046240E003BDD73 /* AppDelegate.swift */ = {isa = PBXFileReference; lastKnownFileType = sourcecode.swift; path = AppDelegate.swift; sourceTree = "<group>"; };
		C9AC401B2046240E003BDD73 /* ViewController.swift */ = {isa = PBXFileReference; lastKnownFileType = sourcecode.swift; path = ViewController.swift; sourceTree = "<group>"; };
		C9AC401E2046240E003BDD73 /* Base */ = {isa = PBXFileReference; lastKnownFileType = file.storyboard; name = Base; path = Base.lproj/Main.storyboard; sourceTree = "<group>"; };
		C9AC40202046240E003BDD73 /* Assets.xcassets */ = {isa = PBXFileReference; lastKnownFileType = folder.assetcatalog; path = Assets.xcassets; sourceTree = "<group>"; };
		C9AC40232046240E003BDD73 /* Base */ = {isa = PBXFileReference; lastKnownFileType = file.storyboard; name = Base; path = Base.lproj/LaunchScreen.storyboard; sourceTree = "<group>"; };
		C9AC40252046240E003BDD73 /* Info.plist */ = {isa = PBXFileReference; lastKnownFileType = text.plist.xml; path = Info.plist; sourceTree = "<group>"; };
/* End PBXFileReference section */

/* Begin PBXFrameworksBuildPhase section */
		C9AC40132046240E003BDD73 /* Frameworks */ = {
			isa = PBXFrameworksBuildPhase;
			buildActionMask = 2147483647;
			files = (
			);
			runOnlyForDeploymentPostprocessing = 0;
		};
/* End PBXFrameworksBuildPhase section */

/* Begin PBXGroup section */
		C9AC400D2046240E003BDD73 = {
			isa = PBXGroup;
			children = (
				C9AC40182046240E003BDD73 /* Intro to Swift */,
				C9AC40172046240E003BDD73 /* Products */,
			);
			sourceTree = "<group>";
		};
		C9AC40172046240E003BDD73 /* Products */ = {
			isa = PBXGroup;
			children = (
				C9AC40162046240E003BDD73 /* Intro to Swift.app */,
			);
			name = Products;
			sourceTree = "<group>";
		};
		C9AC40182046240E003BDD73 /* Intro to Swift */ = {
			isa = PBXGroup;
			children = (
				C9AC40192046240E003BDD73 /* AppDelegate.swift */,
				C9AC401B2046240E003BDD73 /* ViewController.swift */,
				C9AC401D2046240E003BDD73 /* Main.storyboard */,
				C9AC40202046240E003BDD73 /* Assets.xcassets */,
				C9AC40222046240E003BDD73 /* LaunchScreen.storyboard */,
				C9AC40252046240E003BDD73 /* Info.plist */,
				C9153FA8204634B7008C7D21 /* PhotoResponse.swift */,
				C9153FAA2046352B008C7D21 /* PhotoPage.swift */,
				C9153FAC20463570008C7D21 /* Photo.swift */,
			);
			path = "Intro to Swift";
			sourceTree = "<group>";
		};
/* End PBXGroup section */

/* Begin PBXNativeTarget section */
		C9AC40152046240E003BDD73 /* Intro to Swift */ = {
			isa = PBXNativeTarget;
			buildConfigurationList = C9AC40282046240E003BDD73 /* Build configuration list for PBXNativeTarget "Intro to Swift" */;
			buildPhases = (
				C9AC40122046240E003BDD73 /* Sources */,
				C9AC40132046240E003BDD73 /* Frameworks */,
				C9AC40142046240E003BDD73 /* Resources */,
			);
			buildRules = (
			);
			dependencies = (
			);
			name = "Intro to Swift";
			productName = "Intro to Swift";
			productReference = C9AC40162046240E003BDD73 /* Intro to Swift.app */;
			productType = "com.apple.product-type.application";
		};
/* End PBXNativeTarget section */

/* Begin PBXProject section */
		C9AC400E2046240E003BDD73 /* Project object */ = {
			isa = PBXProject;
			attributes = {
				LastSwiftUpdateCheck = 0920;
				LastUpgradeCheck = 0920;
				ORGANIZATIONNAME = "Pauline Masigla";
				TargetAttributes = {
					C9AC40152046240E003BDD73 = {
						CreatedOnToolsVersion = 9.2;
						ProvisioningStyle = Automatic;
					};
				};
			};
			buildConfigurationList = C9AC40112046240E003BDD73 /* Build configuration list for PBXProject "Intro to Swift" */;
			compatibilityVersion = "Xcode 8.0";
			developmentRegion = en;
			hasScannedForEncodings = 0;
			knownRegions = (
				en,
				Base,
			);
			mainGroup = C9AC400D2046240E003BDD73;
			productRefGroup = C9AC40172046240E003BDD73 /* Products */;
			projectDirPath = "";
			projectRoot = "";
			targets = (
				C9AC40152046240E003BDD73 /* Intro to Swift */,
			);
		};
/* End PBXProject section */

/* Begin PBXResourcesBuildPhase section */
		C9AC40142046240E003BDD73 /* Resources */ = {
			isa = PBXResourcesBuildPhase;
			buildActionMask = 2147483647;
			files = (
				C9AC40242046240E003BDD73 /* LaunchScreen.storyboard in Resources */,
				C9AC40212046240E003BDD73 /* Assets.xcassets in Resources */,
				C9AC401F2046240E003BDD73 /* Main.storyboard in Resources */,
			);
			runOnlyForDeploymentPostprocessing = 0;
		};
/* End PBXResourcesBuildPhase section */

/* Begin PBXSourcesBuildPhase section */
		C9AC40122046240E003BDD73 /* Sources */ = {
			isa = PBXSourcesBuildPhase;
			buildActionMask = 2147483647;
			files = (
				C9153FA9204634B7008C7D21 /* PhotoResponse.swift in Sources */,
				C9153FAB2046352B008C7D21 /* PhotoPage.swift in Sources */,
				C9AC401C2046240E003BDD73 /* ViewController.swift in Sources */,
				C9AC401A2046240E003BDD73 /* AppDelegate.swift in Sources */,
				C9153FAD20463570008C7D21 /* Photo.swift in Sources */,
			);
			runOnlyForDeploymentPostprocessing = 0;
		};
/* End PBXSourcesBuildPhase section */

/* Begin PBXVariantGroup section */
		C9AC401D2046240E003BDD73 /* Main.storyboard */ = {
			isa = PBXVariantGroup;
			children = (
				C9AC401E2046240E003BDD73 /* Base */,
			);
			name = Main.storyboard;
			sourceTree = "<group>";
		};
		C9AC40222046240E003BDD73 /* LaunchScreen.storyboard */ = {
			isa = PBXVariantGroup;
			children = (
				C9AC40232046240E003BDD73 /* Base */,
			);
			name = LaunchScreen.storyboard;
			sourceTree = "<group>";
		};
/* End PBXVariantGroup section */

/* Begin XCBuildConfiguration section */
		C9AC40262046240E003BDD73 /* Debug */ = {
			isa = XCBuildConfiguration;
			buildSettings = {
				ALWAYS_SEARCH_USER_PATHS = NO;
				CLANG_ANALYZER_NONNULL = YES;
				CLANG_ANALYZER_NUMBER_OBJECT_CONVERSION = YES_AGGRESSIVE;
				CLANG_CXX_LANGUAGE_STANDARD = "gnu++14";
				CLANG_CXX_LIBRARY = "libc++";
				CLANG_ENABLE_MODULES = YES;
				CLANG_ENABLE_OBJC_ARC = YES;
				CLANG_WARN_BLOCK_CAPTURE_AUTORELEASING = YES;
				CLANG_WARN_BOOL_CONVERSION = YES;
				CLANG_WARN_COMMA = YES;
				CLANG_WARN_CONSTANT_CONVERSION = YES;
				CLANG_WARN_DIRECT_OBJC_ISA_USAGE = YES_ERROR;
				CLANG_WARN_DOCUMENTATION_COMMENTS = YES;
				CLANG_WARN_EMPTY_BODY = YES;
				CLANG_WARN_ENUM_CONVERSION = YES;
				CLANG_WARN_INFINITE_RECURSION = YES;
				CLANG_WARN_INT_CONVERSION = YES;
				CLANG_WARN_NON_LITERAL_NULL_CONVERSION = YES;
				CLANG_WARN_OBJC_LITERAL_CONVERSION = YES;
				CLANG_WARN_OBJC_ROOT_CLASS = YES_ERROR;
				CLANG_WARN_RANGE_LOOP_ANALYSIS = YES;
				CLANG_WARN_STRICT_PROTOTYPES = YES;
				CLANG_WARN_SUSPICIOUS_MOVE = YES;
				CLANG_WARN_UNGUARDED_AVAILABILITY = YES_AGGRESSIVE;
				CLANG_WARN_UNREACHABLE_CODE = YES;
				CLANG_WARN__DUPLICATE_METHOD_MATCH = YES;
				CODE_SIGN_IDENTITY = "iPhone Developer";
				COPY_PHASE_STRIP = NO;
				DEBUG_INFORMATION_FORMAT = dwarf;
				ENABLE_STRICT_OBJC_MSGSEND = YES;
				ENABLE_TESTABILITY = YES;
				GCC_C_LANGUAGE_STANDARD = gnu11;
				GCC_DYNAMIC_NO_PIC = NO;
				GCC_NO_COMMON_BLOCKS = YES;
				GCC_OPTIMIZATION_LEVEL = 0;
				GCC_PREPROCESSOR_DEFINITIONS = (
					"DEBUG=1",
					"$(inherited)",
				);
				GCC_WARN_64_TO_32_BIT_CONVERSION = YES;
				GCC_WARN_ABOUT_RETURN_TYPE = YES_ERROR;
				GCC_WARN_UNDECLARED_SELECTOR = YES;
				GCC_WARN_UNINITIALIZED_AUTOS = YES_AGGRESSIVE;
				GCC_WARN_UNUSED_FUNCTION = YES;
				GCC_WARN_UNUSED_VARIABLE = YES;
				IPHONEOS_DEPLOYMENT_TARGET = 11.2;
				MTL_ENABLE_DEBUG_INFO = YES;
				ONLY_ACTIVE_ARCH = YES;
				SDKROOT = iphoneos;
				SWIFT_ACTIVE_COMPILATION_CONDITIONS = DEBUG;
				SWIFT_OPTIMIZATION_LEVEL = "-Onone";
			};
			name = Debug;
		};
		C9AC40272046240E003BDD73 /* Release */ = {
			isa = XCBuildConfiguration;
			buildSettings = {
				ALWAYS_SEARCH_USER_PATHS = NO;
				CLANG_ANALYZER_NONNULL = YES;
				CLANG_ANALYZER_NUMBER_OBJECT_CONVERSION = YES_AGGRESSIVE;
				CLANG_CXX_LANGUAGE_STANDARD = "gnu++14";
				CLANG_CXX_LIBRARY = "libc++";
				CLANG_ENABLE_MODULES = YES;
				CLANG_ENABLE_OBJC_ARC = YES;
				CLANG_WARN_BLOCK_CAPTURE_AUTORELEASING = YES;
				CLANG_WARN_BOOL_CONVERSION = YES;
				CLANG_WARN_COMMA = YES;
				CLANG_WARN_CONSTANT_CONVERSION = YES;
				CLANG_WARN_DIRECT_OBJC_ISA_USAGE = YES_ERROR;
				CLANG_WARN_DOCUMENTATION_COMMENTS = YES;
				CLANG_WARN_EMPTY_BODY = YES;
				CLANG_WARN_ENUM_CONVERSION = YES;
				CLANG_WARN_INFINITE_RECURSION = YES;
				CLANG_WARN_INT_CONVERSION = YES;
				CLANG_WARN_NON_LITERAL_NULL_CONVERSION = YES;
				CLANG_WARN_OBJC_LITERAL_CONVERSION = YES;
				CLANG_WARN_OBJC_ROOT_CLASS = YES_ERROR;
				CLANG_WARN_RANGE_LOOP_ANALYSIS = YES;
				CLANG_WARN_STRICT_PROTOTYPES = YES;
				CLANG_WARN_SUSPICIOUS_MOVE = YES;
				CLANG_WARN_UNGUARDED_AVAILABILITY = YES_AGGRESSIVE;
				CLANG_WARN_UNREACHABLE_CODE = YES;
				CLANG_WARN__DUPLICATE_METHOD_MATCH = YES;
				CODE_SIGN_IDENTITY = "iPhone Developer";
				COPY_PHASE_STRIP = NO;
				DEBUG_INFORMATION_FORMAT = "dwarf-with-dsym";
				ENABLE_NS_ASSERTIONS = NO;
				ENABLE_STRICT_OBJC_MSGSEND = YES;
				GCC_C_LANGUAGE_STANDARD = gnu11;
				GCC_NO_COMMON_BLOCKS = YES;
				GCC_WARN_64_TO_32_BIT_CONVERSION = YES;
				GCC_WARN_ABOUT_RETURN_TYPE = YES_ERROR;
				GCC_WARN_UNDECLARED_SELECTOR = YES;
				GCC_WARN_UNINITIALIZED_AUTOS = YES_AGGRESSIVE;
				GCC_WARN_UNUSED_FUNCTION = YES;
				GCC_WARN_UNUSED_VARIABLE = YES;
				IPHONEOS_DEPLOYMENT_TARGET = 11.2;
				MTL_ENABLE_DEBUG_INFO = NO;
				SDKROOT = iphoneos;
				SWIFT_OPTIMIZATION_LEVEL = "-Owholemodule";
				VALIDATE_PRODUCT = YES;
			};
			name = Release;
		};
		C9AC40292046240E003BDD73 /* Debug */ = {
			isa = XCBuildConfiguration;
			buildSettings = {
				ASSETCATALOG_COMPILER_APPICON_NAME = AppIcon;
				CODE_SIGN_STYLE = Automatic;
				INFOPLIST_FILE = "Intro to Swift/Info.plist";
				LD_RUNPATH_SEARCH_PATHS = "$(inherited) @executable_path/Frameworks";
				PRODUCT_BUNDLE_IDENTIFIER = "pmasigla.Intro-to-Swift";
				PRODUCT_NAME = "$(TARGET_NAME)";
				SWIFT_VERSION = 4.0;
				TARGETED_DEVICE_FAMILY = "1,2";
			};
			name = Debug;
		};
		C9AC402A2046240E003BDD73 /* Release */ = {
			isa = XCBuildConfiguration;
			buildSettings = {
				ASSETCATALOG_COMPILER_APPICON_NAME = AppIcon;
				CODE_SIGN_STYLE = Automatic;
				INFOPLIST_FILE = "Intro to Swift/Info.plist";
				LD_RUNPATH_SEARCH_PATHS = "$(inherited) @executable_path/Frameworks";
				PRODUCT_BUNDLE_IDENTIFIER = "pmasigla.Intro-to-Swift";
				PRODUCT_NAME = "$(TARGET_NAME)";
				SWIFT_VERSION = 4.0;
				TARGETED_DEVICE_FAMILY = "1,2";
			};
			name = Release;
		};
/* End XCBuildConfiguration section */

/* Begin XCConfigurationList section */
		C9AC40112046240E003BDD73 /* Build configuration list for PBXProject "Intro to Swift" */ = {
			isa = XCConfigurationList;
			buildConfigurations = (
				C9AC40262046240E003BDD73 /* Debug */,
				C9AC40272046240E003BDD73 /* Release */,
			);
			defaultConfigurationIsVisible = 0;
			defaultConfigurationName = Release;
		};
		C9AC40282046240E003BDD73 /* Build configuration list for PBXNativeTarget "Intro to Swift" */ = {
			isa = XCConfigurationList;
			buildConfigurations = (
				C9AC40292046240E003BDD73 /* Debug */,
				C9AC402A2046240E003BDD73 /* Release */,
			);
			defaultConfigurationIsVisible = 0;
			defaultConfigurationName = Release;
		};
/* End XCConfigurationList section */
	};
	rootObject = C9AC400E2046240E003BDD73 /* Project object */;
}
